<?xml version="1.0" encoding="utf-8"?>
<Project ToolsVersion="4.0" xmlns="http://schemas.microsoft.com/developer/msbuild/2003">
  <ItemGroup>
    <ClCompile Include="HelloTriangle.cpp" />
    <ClCompile Include="TextureLoader.cpp">
      <Filter>MyComponents\Tex_Loader</Filter>
    </ClCompile>
    <ClCompile Include="ObjParser.cpp">
      <Filter>MyComponents\Obj_Parser</Filter>
    </ClCompile>
  </ItemGroup>
  <ItemGroup>
    <Filter Include="Resources">
      <UniqueIdentifier>{3d89474a-5988-4864-a5f6-827da1b23ac6}</UniqueIdentifier>
    </Filter>
    <Filter Include="MyComponents">
      <UniqueIdentifier>{c48582f7-1b5c-46c5-9f4d-b859338a4550}</UniqueIdentifier>
    </Filter>
    <Filter Include="MyComponents\Tex_Loader">
      <UniqueIdentifier>{68b1e446-575e-49b5-90b2-10efaadd1787}</UniqueIdentifier>
    </Filter>
    <Filter Include="MyComponents\Obj_Parser">
      <UniqueIdentifier>{eeb0111f-32fb-4c19-b737-2f9bd822aa21}</UniqueIdentifier>
    </Filter>
  </ItemGroup>
  <ItemGroup>
    <None Include="smurf_sprite.tga">
      <Filter>Resources</Filter>
    </None>
    <None Include="betty_color.tga">
      <Filter>Resources</Filter>
    </None>
    <None Include="sarah_color.tga">
      <Filter>Resources</Filter>
    </None>
    <None Include="skybox_back.tga">
      <Filter>Resources</Filter>
    </None>
    <None Include="skybox_bottom.tga">
      <Filter>Resources</Filter>
    </None>
    <None Include="skybox_front.tga">
      <Filter>Resources</Filter>
    </None>
    <None Include="skybox_left.tga">
      <Filter>Resources</Filter>
    </None>
    <None Include="skybox_right.tga">
      <Filter>Resources</Filter>
    </None>
    <None Include="skybox_top.tga">
      <Filter>Resources</Filter>
    </None>
  </ItemGroup>
  <ItemGroup>
    <ClInclude Include="TextureLoader.h">
      <Filter>MyComponents\Tex_Loader</Filter>
    </ClInclude>
    <ClInclude Include="ObjParser.h">
      <Filter>MyComponents\Obj_Parser</Filter>
    </ClInclude>
  </ItemGroup>
</Project>